<?xml version="1.0" encoding="utf-8"?>
<Project ToolsVersion="4.0" xmlns="http://schemas.microsoft.com/developer/msbuild/2003">
  <ItemGroup>
    <Filter Include="Source Files">
      <UniqueIdentifier>{4FC737F1-C7A5-4376-A066-2A32D752A2FF}</UniqueIdentifier>
      <Extensions>cpp;c;cc;cxx;c++;cppm;ixx;def;odl;idl;hpj;bat;asm;asmx</Extensions>
    </Filter>
    <Filter Include="Header Files">
      <UniqueIdentifier>{93995380-89BD-4b04-88EB-625FBE52EBFB}</UniqueIdentifier>
      <Extensions>h;hh;hpp;hxx;h++;hm;inl;inc;ipp;xsd</Extensions>
    </Filter>
    <Filter Include="Resource Files">
      <UniqueIdentifier>{67DA6AB6-F800-4c08-8B7A-83BB121AAD01}</UniqueIdentifier>
      <Extensions>rc;ico;cur;bmp;dlg;rc2;rct;bin;rgs;gif;jpg;jpeg;jpe;resx;tiff;tif;png;wav;mfcribbon-ms</Extensions>
    </Filter>
    <Filter Include="Raven">
      <UniqueIdentifier>{0c0321c4-8a9e-4bbf-b78e-e3fb0dd84c88}</UniqueIdentifier>
    </Filter>
    <Filter Include="Crow">
      <UniqueIdentifier>{9876e147-e5ce-4ef3-8a20-69c32356d0f4}</UniqueIdentifier>
    </Filter>
    <Filter Include="Raven\Goals Atomic Raven">
      <UniqueIdentifier>{8f9b7e37-e6b3-4d12-8b7a-fd608f3c785c}</UniqueIdentifier>
    </Filter>
    <Filter Include="Raven\RavenStrategy">
      <UniqueIdentifier>{5c39036c-a36a-4119-bb60-751a19864597}</UniqueIdentifier>
    </Filter>
    <Filter Include="Crow\CrowStrategy">
      <UniqueIdentifier>{6912dc1a-682e-4a7c-a238-d5526ce6fde2}</UniqueIdentifier>
    </Filter>
    <Filter Include="Crow\Goals Atomic Crow">
      <UniqueIdentifier>{34e9c4b7-e706-4adb-9afd-2a23dcd5f6fd}</UniqueIdentifier>
    </Filter>
    <Filter Include="Crow\Composite Goals Crow">
      <UniqueIdentifier>{45af8078-f091-4bc8-ab1d-cc1b8daeddef}</UniqueIdentifier>
    </Filter>
    <Filter Include="Raven\Composite Goals Raven">
      <UniqueIdentifier>{f65dcf9c-d4b1-45cd-a1cc-2baf4d70c8b6}</UniqueIdentifier>
    </Filter>
    <Filter Include="Raven\RavenStates">
      <UniqueIdentifier>{8bb2f418-93cc-4bfb-bae3-458d85a57c98}</UniqueIdentifier>
    </Filter>
    <Filter Include="Crow\CrowStates">
      <UniqueIdentifier>{be117f70-7069-4f8a-a6e7-e7a4881652a3}</UniqueIdentifier>
    </Filter>
  </ItemGroup>
  <ItemGroup>
    <ClInclude Include="TileMap.h">
      <Filter>Header Files</Filter>
    </ClInclude>
    <ClInclude Include="Mineral.h">
      <Filter>Header Files</Filter>
    </ClInclude>
    <ClInclude Include="Raven.h">
      <Filter>Header Files</Filter>
    </ClInclude>
    <ClInclude Include="TypeId.h">
      <Filter>Header Files</Filter>
    </ClInclude>
    <ClInclude Include="VisualSensor.h">
      <Filter>Header Files</Filter>
    </ClInclude>
    <ClInclude Include="RavenStrategy.h">
      <Filter>Raven\RavenStrategy</Filter>
    </ClInclude>
    <ClInclude Include="GoalArriveAtPosition.h">
      <Filter>Raven\Goals Atomic Raven</Filter>
    </ClInclude>
    <ClInclude Include="GoalSeekToPosition.h">
      <Filter>Raven\Goals Atomic Raven</Filter>
    </ClInclude>
    <ClInclude Include="RavenHarvestStrategy.h">
      <Filter>Raven\RavenStrategy</Filter>
    </ClInclude>
    <ClInclude Include="RavenHuntStrategy.h">
      <Filter>Raven\RavenStrategy</Filter>
    </ClInclude>
    <ClInclude Include="RavenGoToMineralStrategy.h">
      <Filter>Raven\RavenStrategy</Filter>
    </ClInclude>
    <ClInclude Include="GoalHarvestMineral.h">
      <Filter>Raven\Goals Atomic Raven</Filter>
    </ClInclude>
    <ClInclude Include="GoalDepositeMineral.h">
      <Filter>Raven\Goals Atomic Raven</Filter>
    </ClInclude>
    <ClInclude Include="Crow.h">
      <Filter>Header Files</Filter>
    </ClInclude>
    <ClInclude Include="CrowHuntStrategy.h">
      <Filter>Crow\CrowStrategy</Filter>
    </ClInclude>
    <ClInclude Include="GoalWander.h">
      <Filter>Crow\Goals Atomic Crow</Filter>
    </ClInclude>
    <ClInclude Include="GoalSeekToPositionCrow.h">
      <Filter>Crow\Goals Atomic Crow</Filter>
    </ClInclude>
    <ClInclude Include="GoalArriveAtPositionCrow.h">
      <Filter>Crow\Goals Atomic Crow</Filter>
    </ClInclude>
    <ClInclude Include="CrowGoToRavenStrategy.h">
      <Filter>Crow\CrowStrategy</Filter>
    </ClInclude>
    <ClInclude Include="GoalWanderToPosition.h">
      <Filter>Crow\Composite Goals Crow</Filter>
    </ClInclude>
    <ClInclude Include="GoalMoveToPosition.h">
      <Filter>Raven\Composite Goals Raven</Filter>
    </ClInclude>
    <ClInclude Include="RavenStates.h">
      <Filter>Raven\RavenStates</Filter>
    </ClInclude>
    <ClInclude Include="CrowStates.h">
      <Filter>Crow\CrowStates</Filter>
    </ClInclude>
    <ClInclude Include="RavenDepositeStrategy.h">
      <Filter>Raven\RavenStrategy</Filter>
    </ClInclude>
    <ClInclude Include="RavenGoHomeStrategy.h">
      <Filter>Raven\RavenStrategy</Filter>
    </ClInclude>
    <ClInclude Include="RavenLostStrategy.h">
      <Filter>Raven\RavenStrategy</Filter>
    </ClInclude>
    <ClInclude Include="GoalRavenWanderToPosition.h">
      <Filter>Raven\Composite Goals Raven</Filter>
    </ClInclude>
    <ClInclude Include="GoalCrowMoveToPosition.h">
      <Filter>Crow\Composite Goals Crow</Filter>
    </ClInclude>
    <ClInclude Include="CrowDepositeStrategy.h">
      <Filter>Crow\CrowStrategy</Filter>
    </ClInclude>
    <ClInclude Include="CrowGoHomeStrategy.h">
      <Filter>Crow\CrowStrategy</Filter>
    </ClInclude>
    <ClInclude Include="GoalDepositeMineralCrow.h">
      <Filter>Crow\Goals Atomic Crow</Filter>
    </ClInclude>
    <ClInclude Include="CrowStealStrategy.h">
      <Filter>Crow\CrowStrategy</Filter>
    </ClInclude>
    <ClInclude Include="GoalStealMineralCrow.h">
      <Filter>Crow\Goals Atomic Crow</Filter>
    </ClInclude>
  </ItemGroup>
  <ItemGroup>
    <ClCompile Include="WinMain.cpp">
      <Filter>Source Files</Filter>
    </ClCompile>
    <ClCompile Include="TileMap.cpp">
      <Filter>Source Files</Filter>
    </ClCompile>
    <ClCompile Include="Mineral.cpp">
      <Filter>Source Files</Filter>
    </ClCompile>
    <ClCompile Include="Raven.cpp">
      <Filter>Source Files</Filter>
    </ClCompile>
    <ClCompile Include="VisualSensor.cpp">
      <Filter>Source Files</Filter>
    </ClCompile>
    <ClCompile Include="RavenStrategy.cpp">
      <Filter>Raven\RavenStrategy</Filter>
    </ClCompile>
    <ClCompile Include="GoalArriveAtPosition.cpp">
      <Filter>Raven\Goals Atomic Raven</Filter>
    </ClCompile>
    <ClCompile Include="GoalSeekToPosition.cpp">
      <Filter>Raven\Goals Atomic Raven</Filter>
    </ClCompile>
    <ClCompile Include="RavenHarvestStrategy.cpp">
      <Filter>Raven\RavenStrategy</Filter>
    </ClCompile>
    <ClCompile Include="RavenHuntStrategy.cpp">
      <Filter>Raven\RavenStrategy</Filter>
    </ClCompile>
    <ClCompile Include="RavenGoToMineralStrategy.cpp">
      <Filter>Raven\RavenStrategy</Filter>
    </ClCompile>
    <ClCompile Include="GoalHarvestMineral.cpp">
      <Filter>Raven\Goals Atomic Raven</Filter>
    </ClCompile>
    <ClCompile Include="GoalDepositeMineral.cpp">
      <Filter>Raven\Goals Atomic Raven</Filter>
    </ClCompile>
    <ClCompile Include="Crow.cpp">
      <Filter>Source Files</Filter>
    </ClCompile>
    <ClCompile Include="CrowHuntStrategy.cpp">
      <Filter>Crow\CrowStrategy</Filter>
    </ClCompile>
    <ClCompile Include="GoalWander.cpp">
      <Filter>Crow\Goals Atomic Crow</Filter>
    </ClCompile>
    <ClCompile Include="GoalSeekToPositionCrow.cpp">
      <Filter>Crow\Goals Atomic Crow</Filter>
    </ClCompile>
    <ClCompile Include="GoalArriveAtPositionCrow.cpp">
      <Filter>Crow\Goals Atomic Crow</Filter>
    </ClCompile>
    <ClCompile Include="CrowGoToRavenStrategy.cpp">
      <Filter>Crow\CrowStrategy</Filter>
    </ClCompile>
    <ClCompile Include="GoalWanderToPosition.cpp">
      <Filter>Crow\Composite Goals Crow</Filter>
    </ClCompile>
    <ClCompile Include="GoalMoveToPosition.cpp">
      <Filter>Raven\Composite Goals Raven</Filter>
    </ClCompile>
    <ClCompile Include="RavenStates.cpp">
      <Filter>Raven\RavenStates</Filter>
    </ClCompile>
    <ClCompile Include="CrowStates.cpp">
      <Filter>Crow\CrowStates</Filter>
    </ClCompile>
    <ClCompile Include="RavenDepositeStrategy.cpp">
      <Filter>Raven\RavenStrategy</Filter>
    </ClCompile>
    <ClCompile Include="RavenGoHomeStrategy.cpp">
      <Filter>Raven\RavenStrategy</Filter>
    </ClCompile>
    <ClCompile Include="RavenLostStrategy.cpp">
      <Filter>Raven\RavenStrategy</Filter>
    </ClCompile>
    <ClCompile Include="GoalRavenWanderToPosition.cpp">
      <Filter>Raven\Composite Goals Raven</Filter>
    </ClCompile>
    <ClCompile Include="GoalCrowMoveToPosition.cpp">
      <Filter>Crow\Composite Goals Crow</Filter>
    </ClCompile>
    <ClCompile Include="CrowDepositeStrategy.cpp">
      <Filter>Crow\CrowStrategy</Filter>
    </ClCompile>
    <ClCompile Include="CrowGoHomeStrategy.cpp">
      <Filter>Crow\CrowStrategy</Filter>
    </ClCompile>
    <ClCompile Include="GoalDepositeMineralCrow.cpp">
      <Filter>Crow\Goals Atomic Crow</Filter>
    </ClCompile>
    <ClCompile Include="CrowStealStrategy.cpp">
      <Filter>Crow\CrowStrategy</Filter>
    </ClCompile>
    <ClCompile Include="GoalStealMineralCrow.cpp">
      <Filter>Crow\Goals Atomic Crow</Filter>
    </ClCompile>
  </ItemGroup>
  <ItemGroup>
    <Text Include="tiles.txt">
      <Filter>Header Files</Filter>
    </Text>
    <Text Include="map.txt" />
  </ItemGroup>
</Project>