<?xml version="1.0" encoding="utf-8"?>
<Project ToolsVersion="4.0" xmlns="http://schemas.microsoft.com/developer/msbuild/2003">
  <ItemGroup>
    <Filter Include="Inc">
      <UniqueIdentifier>{5172d75b-a1dd-4272-be12-d482fd3ff687}</UniqueIdentifier>
    </Filter>
    <Filter Include="Src">
      <UniqueIdentifier>{a5190268-37a1-410e-8842-2dd93688e8ab}</UniqueIdentifier>
    </Filter>
  </ItemGroup>
  <ItemGroup>
    <ClInclude Include="Inc\AI.h">
      <Filter>Inc</Filter>
    </ClInclude>
    <ClInclude Include="Inc\Common.h">
      <Filter>Inc</Filter>
    </ClInclude>
    <ClInclude Include="Src\Precompiled.h">
      <Filter>Src</Filter>
    </ClInclude>
  </ItemGroup>
  <ItemGroup>
    <ClCompile Include="Src\Precompiled.cpp">
      <Filter>Src</Filter>
    </ClCompile>
  </ItemGroup>
</Project>